# This file is automatically @generated by Cargo.
# It is not intended for manual editing.
version = 3

[[package]]
name = "ipnet"
version = "2.3.1"
source = "registry+https://github.com/rust-lang/crates.io-index"
checksum = "68f2d64f2edebec4ce84ad108148e67e1064789bee435edc5b60ad398714a3a9"

[[package]]
name = "tcp-client"
version = "0.1.0"

[[package]]
name = "tcp-server"
version = "0.1.0"

[[package]]
name = "udp-client"
version = "0.1.0"

[[package]]
name = "udp-server"
version = "0.1.0"

[[package]]
name = "using-ipaddr"
version = "0.1.0"

[[package]]
name = "using-ipnet"
version = "0.1.0"
dependencies = [
 "ipnet",
]

[[package]]
name = "using-socketaddr"
version = "0.1.0"
